// !$*UTF8*$!
{
	archiveVersion = 1;
	classes = {
	};
	objectVersion = 50;
	objects = {

/* Begin PBXBuildFile section */
		5E86E0A8238D9D730031DBF3 /* AppDelegate.swift in Sources */ = {isa = PBXBuildFile; fileRef = 5E86E0A7238D9D730031DBF3 /* AppDelegate.swift */; };
		5E86E0AA238D9D730031DBF3 /* SceneDelegate.swift in Sources */ = {isa = PBXBuildFile; fileRef = 5E86E0A9238D9D730031DBF3 /* SceneDelegate.swift */; };
		5E86E0AC238D9D730031DBF3 /* LoginController.swift in Sources */ = {isa = PBXBuildFile; fileRef = 5E86E0AB238D9D730031DBF3 /* LoginController.swift */; };
		5E86E0AF238D9D730031DBF3 /* Main.storyboard in Resources */ = {isa = PBXBuildFile; fileRef = 5E86E0AD238D9D730031DBF3 /* Main.storyboard */; };
		5E86E0B2238D9D730031DBF3 /* UltimateKanban.xcdatamodeld in Sources */ = {isa = PBXBuildFile; fileRef = 5E86E0B0238D9D730031DBF3 /* UltimateKanban.xcdatamodeld */; };
		5E86E0B4238D9D760031DBF3 /* Assets.xcassets in Resources */ = {isa = PBXBuildFile; fileRef = 5E86E0B3238D9D760031DBF3 /* Assets.xcassets */; };
		5E86E0B7238D9D760031DBF3 /* LaunchScreen.storyboard in Resources */ = {isa = PBXBuildFile; fileRef = 5E86E0B5238D9D760031DBF3 /* LaunchScreen.storyboard */; };
		5E86E0C2238D9D760031DBF3 /* UltimateKanbanTests.swift in Sources */ = {isa = PBXBuildFile; fileRef = 5E86E0C1238D9D760031DBF3 /* UltimateKanbanTests.swift */; };
		5E86E0CD238D9D760031DBF3 /* UltimateKanbanUITests.swift in Sources */ = {isa = PBXBuildFile; fileRef = 5E86E0CC238D9D760031DBF3 /* UltimateKanbanUITests.swift */; };
		5E86E0DB238DABC40031DBF3 /* AppearanceManager.swift in Sources */ = {isa = PBXBuildFile; fileRef = 5E86E0DA238DABC40031DBF3 /* AppearanceManager.swift */; };
		5E86E0DD238DAF4A0031DBF3 /* NetworkManager.swift in Sources */ = {isa = PBXBuildFile; fileRef = 5E86E0DC238DAF4A0031DBF3 /* NetworkManager.swift */; };
		5E86E0DF238DAF670031DBF3 /* URLBuilder.swift in Sources */ = {isa = PBXBuildFile; fileRef = 5E86E0DE238DAF670031DBF3 /* URLBuilder.swift */; };
/* End PBXBuildFile section */

/* Begin PBXContainerItemProxy section */
		5E86E0BE238D9D760031DBF3 /* PBXContainerItemProxy */ = {
			isa = PBXContainerItemProxy;
			containerPortal = 5E86E09C238D9D730031DBF3 /* Project object */;
			proxyType = 1;
			remoteGlobalIDString = 5E86E0A3238D9D730031DBF3;
			remoteInfo = UltimateKanban;
		};
		5E86E0C9238D9D760031DBF3 /* PBXContainerItemProxy */ = {
			isa = PBXContainerItemProxy;
			containerPortal = 5E86E09C238D9D730031DBF3 /* Project object */;
			proxyType = 1;
			remoteGlobalIDString = 5E86E0A3238D9D730031DBF3;
			remoteInfo = UltimateKanban;
		};
/* End PBXContainerItemProxy section */

/* Begin PBXFileReference section */
		5E86E0A4238D9D730031DBF3 /* UltimateKanban.app */ = {isa = PBXFileReference; explicitFileType = wrapper.application; includeInIndex = 0; path = UltimateKanban.app; sourceTree = BUILT_PRODUCTS_DIR; };
		5E86E0A7238D9D730031DBF3 /* AppDelegate.swift */ = {isa = PBXFileReference; lastKnownFileType = sourcecode.swift; path = AppDelegate.swift; sourceTree = "<group>"; };
		5E86E0A9238D9D730031DBF3 /* SceneDelegate.swift */ = {isa = PBXFileReference; lastKnownFileType = sourcecode.swift; path = SceneDelegate.swift; sourceTree = "<group>"; };
		5E86E0AB238D9D730031DBF3 /* LoginController.swift */ = {isa = PBXFileReference; lastKnownFileType = sourcecode.swift; path = LoginController.swift; sourceTree = "<group>"; };
		5E86E0AE238D9D730031DBF3 /* Base */ = {isa = PBXFileReference; lastKnownFileType = file.storyboard; name = Base; path = Base.lproj/Main.storyboard; sourceTree = "<group>"; };
		5E86E0B1238D9D730031DBF3 /* UltimateKanban.xcdatamodel */ = {isa = PBXFileReference; lastKnownFileType = wrapper.xcdatamodel; path = UltimateKanban.xcdatamodel; sourceTree = "<group>"; };
		5E86E0B3238D9D760031DBF3 /* Assets.xcassets */ = {isa = PBXFileReference; lastKnownFileType = folder.assetcatalog; path = Assets.xcassets; sourceTree = "<group>"; };
		5E86E0B6238D9D760031DBF3 /* Base */ = {isa = PBXFileReference; lastKnownFileType = file.storyboard; name = Base; path = Base.lproj/LaunchScreen.storyboard; sourceTree = "<group>"; };
		5E86E0B8238D9D760031DBF3 /* Info.plist */ = {isa = PBXFileReference; lastKnownFileType = text.plist.xml; path = Info.plist; sourceTree = "<group>"; };
		5E86E0BD238D9D760031DBF3 /* UltimateKanbanTests.xctest */ = {isa = PBXFileReference; explicitFileType = wrapper.cfbundle; includeInIndex = 0; path = UltimateKanbanTests.xctest; sourceTree = BUILT_PRODUCTS_DIR; };
		5E86E0C1238D9D760031DBF3 /* UltimateKanbanTests.swift */ = {isa = PBXFileReference; lastKnownFileType = sourcecode.swift; path = UltimateKanbanTests.swift; sourceTree = "<group>"; };
		5E86E0C3238D9D760031DBF3 /* Info.plist */ = {isa = PBXFileReference; lastKnownFileType = text.plist.xml; path = Info.plist; sourceTree = "<group>"; };
		5E86E0C8238D9D760031DBF3 /* UltimateKanbanUITests.xctest */ = {isa = PBXFileReference; explicitFileType = wrapper.cfbundle; includeInIndex = 0; path = UltimateKanbanUITests.xctest; sourceTree = BUILT_PRODUCTS_DIR; };
		5E86E0CC238D9D760031DBF3 /* UltimateKanbanUITests.swift */ = {isa = PBXFileReference; lastKnownFileType = sourcecode.swift; path = UltimateKanbanUITests.swift; sourceTree = "<group>"; };
		5E86E0CE238D9D760031DBF3 /* Info.plist */ = {isa = PBXFileReference; lastKnownFileType = text.plist.xml; path = Info.plist; sourceTree = "<group>"; };
		5E86E0DA238DABC40031DBF3 /* AppearanceManager.swift */ = {isa = PBXFileReference; lastKnownFileType = sourcecode.swift; path = AppearanceManager.swift; sourceTree = "<group>"; };
		5E86E0DC238DAF4A0031DBF3 /* NetworkManager.swift */ = {isa = PBXFileReference; lastKnownFileType = sourcecode.swift; path = NetworkManager.swift; sourceTree = "<group>"; };
		5E86E0DE238DAF670031DBF3 /* URLBuilder.swift */ = {isa = PBXFileReference; lastKnownFileType = sourcecode.swift; path = URLBuilder.swift; sourceTree = "<group>"; };
/* End PBXFileReference section */

/* Begin PBXFrameworksBuildPhase section */
		5E86E0A1238D9D730031DBF3 /* Frameworks */ = {
			isa = PBXFrameworksBuildPhase;
			buildActionMask = 2147483647;
			files = (
			);
			runOnlyForDeploymentPostprocessing = 0;
		};
		5E86E0BA238D9D760031DBF3 /* Frameworks */ = {
			isa = PBXFrameworksBuildPhase;
			buildActionMask = 2147483647;
			files = (
			);
			runOnlyForDeploymentPostprocessing = 0;
		};
		5E86E0C5238D9D760031DBF3 /* Frameworks */ = {
			isa = PBXFrameworksBuildPhase;
			buildActionMask = 2147483647;
			files = (
			);
			runOnlyForDeploymentPostprocessing = 0;
		};
/* End PBXFrameworksBuildPhase section */

/* Begin PBXGroup section */
		5E86E09B238D9D730031DBF3 = {
			isa = PBXGroup;
			children = (
				5E86E0A6238D9D730031DBF3 /* UltimateKanban */,
				5E86E0C0238D9D760031DBF3 /* UltimateKanbanTests */,
				5E86E0CB238D9D760031DBF3 /* UltimateKanbanUITests */,
				5E86E0A5238D9D730031DBF3 /* Products */,
			);
			sourceTree = "<group>";
		};
		5E86E0A5238D9D730031DBF3 /* Products */ = {
			isa = PBXGroup;
			children = (
				5E86E0A4238D9D730031DBF3 /* UltimateKanban.app */,
				5E86E0BD238D9D760031DBF3 /* UltimateKanbanTests.xctest */,
				5E86E0C8238D9D760031DBF3 /* UltimateKanbanUITests.xctest */,
			);
			name = Products;
			sourceTree = "<group>";
		};
		5E86E0A6238D9D730031DBF3 /* UltimateKanban */ = {
			isa = PBXGroup;
			children = (
				5E86E0A7238D9D730031DBF3 /* AppDelegate.swift */,
				5E86E0A9238D9D730031DBF3 /* SceneDelegate.swift */,
				5E86E0AB238D9D730031DBF3 /* LoginController.swift */,
				5E86E0AD238D9D730031DBF3 /* Main.storyboard */,
				5E86E0DA238DABC40031DBF3 /* AppearanceManager.swift */,
				5E86E0DC238DAF4A0031DBF3 /* NetworkManager.swift */,
				5E86E0DE238DAF670031DBF3 /* URLBuilder.swift */,
				5E86E0B3238D9D760031DBF3 /* Assets.xcassets */,
				5E86E0B5238D9D760031DBF3 /* LaunchScreen.storyboard */,
				5E86E0B8238D9D760031DBF3 /* Info.plist */,
				5E86E0B0238D9D730031DBF3 /* UltimateKanban.xcdatamodeld */,
			);
			path = UltimateKanban;
			sourceTree = "<group>";
		};
		5E86E0C0238D9D760031DBF3 /* UltimateKanbanTests */ = {
			isa = PBXGroup;
			children = (
				5E86E0C1238D9D760031DBF3 /* UltimateKanbanTests.swift */,
				5E86E0C3238D9D760031DBF3 /* Info.plist */,
			);
			path = UltimateKanbanTests;
			sourceTree = "<group>";
		};
		5E86E0CB238D9D760031DBF3 /* UltimateKanbanUITests */ = {
			isa = PBXGroup;
			children = (
				5E86E0CC238D9D760031DBF3 /* UltimateKanbanUITests.swift */,
				5E86E0CE238D9D760031DBF3 /* Info.plist */,
			);
			path = UltimateKanbanUITests;
			sourceTree = "<group>";
		};
/* End PBXGroup section */

/* Begin PBXNativeTarget section */
		5E86E0A3238D9D730031DBF3 /* UltimateKanban */ = {
			isa = PBXNativeTarget;
			buildConfigurationList = 5E86E0D1238D9D760031DBF3 /* Build configuration list for PBXNativeTarget "UltimateKanban" */;
			buildPhases = (
				5E86E0A0238D9D730031DBF3 /* Sources */,
				5E86E0A1238D9D730031DBF3 /* Frameworks */,
				5E86E0A2238D9D730031DBF3 /* Resources */,
			);
			buildRules = (
			);
			dependencies = (
			);
			name = UltimateKanban;
			productName = UltimateKanban;
			productReference = 5E86E0A4238D9D730031DBF3 /* UltimateKanban.app */;
			productType = "com.apple.product-type.application";
		};
		5E86E0BC238D9D760031DBF3 /* UltimateKanbanTests */ = {
			isa = PBXNativeTarget;
			buildConfigurationList = 5E86E0D4238D9D760031DBF3 /* Build configuration list for PBXNativeTarget "UltimateKanbanTests" */;
			buildPhases = (
				5E86E0B9238D9D760031DBF3 /* Sources */,
				5E86E0BA238D9D760031DBF3 /* Frameworks */,
				5E86E0BB238D9D760031DBF3 /* Resources */,
			);
			buildRules = (
			);
			dependencies = (
				5E86E0BF238D9D760031DBF3 /* PBXTargetDependency */,
			);
			name = UltimateKanbanTests;
			productName = UltimateKanbanTests;
			productReference = 5E86E0BD238D9D760031DBF3 /* UltimateKanbanTests.xctest */;
			productType = "com.apple.product-type.bundle.unit-test";
		};
		5E86E0C7238D9D760031DBF3 /* UltimateKanbanUITests */ = {
			isa = PBXNativeTarget;
			buildConfigurationList = 5E86E0D7238D9D760031DBF3 /* Build configuration list for PBXNativeTarget "UltimateKanbanUITests" */;
			buildPhases = (
				5E86E0C4238D9D760031DBF3 /* Sources */,
				5E86E0C5238D9D760031DBF3 /* Frameworks */,
				5E86E0C6238D9D760031DBF3 /* Resources */,
			);
			buildRules = (
			);
			dependencies = (
				5E86E0CA238D9D760031DBF3 /* PBXTargetDependency */,
			);
			name = UltimateKanbanUITests;
			productName = UltimateKanbanUITests;
			productReference = 5E86E0C8238D9D760031DBF3 /* UltimateKanbanUITests.xctest */;
			productType = "com.apple.product-type.bundle.ui-testing";
		};
/* End PBXNativeTarget section */

/* Begin PBXProject section */
		5E86E09C238D9D730031DBF3 /* Project object */ = {
			isa = PBXProject;
			attributes = {
				LastSwiftUpdateCheck = 1120;
				LastUpgradeCheck = 1120;
				ORGANIZATIONNAME = dirtbag;
				TargetAttributes = {
					5E86E0A3238D9D730031DBF3 = {
						CreatedOnToolsVersion = 11.2.1;
					};
					5E86E0BC238D9D760031DBF3 = {
						CreatedOnToolsVersion = 11.2.1;
						TestTargetID = 5E86E0A3238D9D730031DBF3;
					};
					5E86E0C7238D9D760031DBF3 = {
						CreatedOnToolsVersion = 11.2.1;
						TestTargetID = 5E86E0A3238D9D730031DBF3;
					};
				};
			};
			buildConfigurationList = 5E86E09F238D9D730031DBF3 /* Build configuration list for PBXProject "UltimateKanban" */;
			compatibilityVersion = "Xcode 9.3";
			developmentRegion = en;
			hasScannedForEncodings = 0;
			knownRegions = (
				en,
				Base,
			);
			mainGroup = 5E86E09B238D9D730031DBF3;
			productRefGroup = 5E86E0A5238D9D730031DBF3 /* Products */;
			projectDirPath = "";
			projectRoot = "";
			targets = (
				5E86E0A3238D9D730031DBF3 /* UltimateKanban */,
				5E86E0BC238D9D760031DBF3 /* UltimateKanbanTests */,
				5E86E0C7238D9D760031DBF3 /* UltimateKanbanUITests */,
			);
		};
/* End PBXProject section */

/* Begin PBXResourcesBuildPhase section */
		5E86E0A2238D9D730031DBF3 /* Resources */ = {
			isa = PBXResourcesBuildPhase;
			buildActionMask = 2147483647;
			files = (
				5E86E0B7238D9D760031DBF3 /* LaunchScreen.storyboard in Resources */,
				5E86E0B4238D9D760031DBF3 /* Assets.xcassets in Resources */,
				5E86E0AF238D9D730031DBF3 /* Main.storyboard in Resources */,
			);
			runOnlyForDeploymentPostprocessing = 0;
		};
		5E86E0BB238D9D760031DBF3 /* Resources */ = {
			isa = PBXResourcesBuildPhase;
			buildActionMask = 2147483647;
			files = (
			);
			runOnlyForDeploymentPostprocessing = 0;
		};
		5E86E0C6238D9D760031DBF3 /* Resources */ = {
			isa = PBXResourcesBuildPhase;
			buildActionMask = 2147483647;
			files = (
			);
			runOnlyForDeploymentPostprocessing = 0;
		};
/* End PBXResourcesBuildPhase section */

/* Begin PBXSourcesBuildPhase section */
		5E86E0A0238D9D730031DBF3 /* Sources */ = {
			isa = PBXSourcesBuildPhase;
			buildActionMask = 2147483647;
			files = (
				5E86E0DD238DAF4A0031DBF3 /* NetworkManager.swift in Sources */,
				5E86E0DF238DAF670031DBF3 /* URLBuilder.swift in Sources */,
				5E86E0AC238D9D730031DBF3 /* LoginController.swift in Sources */,
				5E86E0A8238D9D730031DBF3 /* AppDelegate.swift in Sources */,
				5E86E0AA238D9D730031DBF3 /* SceneDelegate.swift in Sources */,
				5E86E0B2238D9D730031DBF3 /* UltimateKanban.xcdatamodeld in Sources */,
				5E86E0DB238DABC40031DBF3 /* AppearanceManager.swift in Sources */,
			);
			runOnlyForDeploymentPostprocessing = 0;
		};
		5E86E0B9238D9D760031DBF3 /* Sources */ = {
			isa = PBXSourcesBuildPhase;
			buildActionMask = 2147483647;
			files = (
				5E86E0C2238D9D760031DBF3 /* UltimateKanbanTests.swift in Sources */,
			);
			runOnlyForDeploymentPostprocessing = 0;
		};
		5E86E0C4238D9D760031DBF3 /* Sources */ = {
			isa = PBXSourcesBuildPhase;
			buildActionMask = 2147483647;
			files = (
				5E86E0CD238D9D760031DBF3 /* UltimateKanbanUITests.swift in Sources */,
			);
			runOnlyForDeploymentPostprocessing = 0;
		};
/* End PBXSourcesBuildPhase section */

/* Begin PBXTargetDependency section */
		5E86E0BF238D9D760031DBF3 /* PBXTargetDependency */ = {
			isa = PBXTargetDependency;
			target = 5E86E0A3238D9D730031DBF3 /* UltimateKanban */;
			targetProxy = 5E86E0BE238D9D760031DBF3 /* PBXContainerItemProxy */;
		};
		5E86E0CA238D9D760031DBF3 /* PBXTargetDependency */ = {
			isa = PBXTargetDependency;
			target = 5E86E0A3238D9D730031DBF3 /* UltimateKanban */;
			targetProxy = 5E86E0C9238D9D760031DBF3 /* PBXContainerItemProxy */;
		};
/* End PBXTargetDependency section */

/* Begin PBXVariantGroup section */
		5E86E0AD238D9D730031DBF3 /* Main.storyboard */ = {
			isa = PBXVariantGroup;
			children = (
				5E86E0AE238D9D730031DBF3 /* Base */,
			);
			name = Main.storyboard;
			sourceTree = "<group>";
		};
		5E86E0B5238D9D760031DBF3 /* LaunchScreen.storyboard */ = {
			isa = PBXVariantGroup;
			children = (
				5E86E0B6238D9D760031DBF3 /* Base */,
			);
			name = LaunchScreen.storyboard;
			sourceTree = "<group>";
		};
/* End PBXVariantGroup section */

/* Begin XCBuildConfiguration section */
		5E86E0CF238D9D760031DBF3 /* Debug */ = {
			isa = XCBuildConfiguration;
			buildSettings = {
				ALWAYS_SEARCH_USER_PATHS = NO;
				CLANG_ANALYZER_NONNULL = YES;
				CLANG_ANALYZER_NUMBER_OBJECT_CONVERSION = YES_AGGRESSIVE;
				CLANG_CXX_LANGUAGE_STANDARD = "gnu++14";
				CLANG_CXX_LIBRARY = "libc++";
				CLANG_ENABLE_MODULES = YES;
				CLANG_ENABLE_OBJC_ARC = YES;
				CLANG_ENABLE_OBJC_WEAK = YES;
				CLANG_WARN_BLOCK_CAPTURE_AUTORELEASING = YES;
				CLANG_WARN_BOOL_CONVERSION = YES;
				CLANG_WARN_COMMA = YES;
				CLANG_WARN_CONSTANT_CONVERSION = YES;
				CLANG_WARN_DEPRECATED_OBJC_IMPLEMENTATIONS = YES;
				CLANG_WARN_DIRECT_OBJC_ISA_USAGE = YES_ERROR;
				CLANG_WARN_DOCUMENTATION_COMMENTS = YES;
				CLANG_WARN_EMPTY_BODY = YES;
				CLANG_WARN_ENUM_CONVERSION = YES;
				CLANG_WARN_INFINITE_RECURSION = YES;
				CLANG_WARN_INT_CONVERSION = YES;
				CLANG_WARN_NON_LITERAL_NULL_CONVERSION = YES;
				CLANG_WARN_OBJC_IMPLICIT_RETAIN_SELF = YES;
				CLANG_WARN_OBJC_LITERAL_CONVERSION = YES;
				CLANG_WARN_OBJC_ROOT_CLASS = YES_ERROR;
				CLANG_WARN_RANGE_LOOP_ANALYSIS = YES;
				CLANG_WARN_STRICT_PROTOTYPES = YES;
				CLANG_WARN_SUSPICIOUS_MOVE = YES;
				CLANG_WARN_UNGUARDED_AVAILABILITY = YES_AGGRESSIVE;
				CLANG_WARN_UNREACHABLE_CODE = YES;
				CLANG_WARN__DUPLICATE_METHOD_MATCH = YES;
				COPY_PHASE_STRIP = NO;
				DEBUG_INFORMATION_FORMAT = dwarf;
				ENABLE_STRICT_OBJC_MSGSEND = YES;
				ENABLE_TESTABILITY = YES;
				GCC_C_LANGUAGE_STANDARD = gnu11;
				GCC_DYNAMIC_NO_PIC = NO;
				GCC_NO_COMMON_BLOCKS = YES;
				GCC_OPTIMIZATION_LEVEL = 0;
				GCC_PREPROCESSOR_DEFINITIONS = (
					"DEBUG=1",
					"$(inherited)",
				);
				GCC_WARN_64_TO_32_BIT_CONVERSION = YES;
				GCC_WARN_ABOUT_RETURN_TYPE = YES_ERROR;
				GCC_WARN_UNDECLARED_SELECTOR = YES;
				GCC_WARN_UNINITIALIZED_AUTOS = YES_AGGRESSIVE;
				GCC_WARN_UNUSED_FUNCTION = YES;
				GCC_WARN_UNUSED_VARIABLE = YES;
				IPHONEOS_DEPLOYMENT_TARGET = 13.2;
				MTL_ENABLE_DEBUG_INFO = INCLUDE_SOURCE;
				MTL_FAST_MATH = YES;
				ONLY_ACTIVE_ARCH = YES;
				SDKROOT = iphoneos;
				SWIFT_ACTIVE_COMPILATION_CONDITIONS = DEBUG;
				SWIFT_OPTIMIZATION_LEVEL = "-Onone";
			};
			name = Debug;
		};
		5E86E0D0238D9D760031DBF3 /* Release */ = {
			isa = XCBuildConfiguration;
			buildSettings = {
				ALWAYS_SEARCH_USER_PATHS = NO;
				CLANG_ANALYZER_NONNULL = YES;
				CLANG_ANALYZER_NUMBER_OBJECT_CONVERSION = YES_AGGRESSIVE;
				CLANG_CXX_LANGUAGE_STANDARD = "gnu++14";
				CLANG_CXX_LIBRARY = "libc++";
				CLANG_ENABLE_MODULES = YES;
				CLANG_ENABLE_OBJC_ARC = YES;
				CLANG_ENABLE_OBJC_WEAK = YES;
				CLANG_WARN_BLOCK_CAPTURE_AUTORELEASING = YES;
				CLANG_WARN_BOOL_CONVERSION = YES;
				CLANG_WARN_COMMA = YES;
				CLANG_WARN_CONSTANT_CONVERSION = YES;
				CLANG_WARN_DEPRECATED_OBJC_IMPLEMENTATIONS = YES;
				CLANG_WARN_DIRECT_OBJC_ISA_USAGE = YES_ERROR;
				CLANG_WARN_DOCUMENTATION_COMMENTS = YES;
				CLANG_WARN_EMPTY_BODY = YES;
				CLANG_WARN_ENUM_CONVERSION = YES;
				CLANG_WARN_INFINITE_RECURSION = YES;
				CLANG_WARN_INT_CONVERSION = YES;
				CLANG_WARN_NON_LITERAL_NULL_CONVERSION = YES;
				CLANG_WARN_OBJC_IMPLICIT_RETAIN_SELF = YES;
				CLANG_WARN_OBJC_LITERAL_CONVERSION = YES;
				CLANG_WARN_OBJC_ROOT_CLASS = YES_ERROR;
				CLANG_WARN_RANGE_LOOP_ANALYSIS = YES;
				CLANG_WARN_STRICT_PROTOTYPES = YES;
				CLANG_WARN_SUSPICIOUS_MOVE = YES;
				CLANG_WARN_UNGUARDED_AVAILABILITY = YES_AGGRESSIVE;
				CLANG_WARN_UNREACHABLE_CODE = YES;
				CLANG_WARN__DUPLICATE_METHOD_MATCH = YES;
				COPY_PHASE_STRIP = NO;
				DEBUG_INFORMATION_FORMAT = "dwarf-with-dsym";
				ENABLE_NS_ASSERTIONS = NO;
				ENABLE_STRICT_OBJC_MSGSEND = YES;
				GCC_C_LANGUAGE_STANDARD = gnu11;
				GCC_NO_COMMON_BLOCKS = YES;
				GCC_WARN_64_TO_32_BIT_CONVERSION = YES;
				GCC_WARN_ABOUT_RETURN_TYPE = YES_ERROR;
				GCC_WARN_UNDECLARED_SELECTOR = YES;
				GCC_WARN_UNINITIALIZED_AUTOS = YES_AGGRESSIVE;
				GCC_WARN_UNUSED_FUNCTION = YES;
				GCC_WARN_UNUSED_VARIABLE = YES;
				IPHONEOS_DEPLOYMENT_TARGET = 13.2;
				MTL_ENABLE_DEBUG_INFO = NO;
				MTL_FAST_MATH = YES;
				SDKROOT = iphoneos;
				SWIFT_COMPILATION_MODE = wholemodule;
				SWIFT_OPTIMIZATION_LEVEL = "-O";
				VALIDATE_PRODUCT = YES;
			};
			name = Release;
		};
		5E86E0D2238D9D760031DBF3 /* Debug */ = {
			isa = XCBuildConfiguration;
			buildSettings = {
				ASSETCATALOG_COMPILER_APPICON_NAME = AppIcon;
				CODE_SIGN_STYLE = Automatic;
				INFOPLIST_FILE = UltimateKanban/Info.plist;
				LD_RUNPATH_SEARCH_PATHS = (
					"$(inherited)",
					"@executable_path/Frameworks",
				);
				PRODUCT_BUNDLE_IDENTIFIER = com.mcgoldricksolutions.UltimateKanban;
				PRODUCT_NAME = "$(TARGET_NAME)";
				SWIFT_VERSION = 5.0;
				TARGETED_DEVICE_FAMILY = "1,2";
			};
			name = Debug;
		};
		5E86E0D3238D9D760031DBF3 /* Release */ = {
			isa = XCBuildConfiguration;
			buildSettings = {
				ASSETCATALOG_COMPILER_APPICON_NAME = AppIcon;
				CODE_SIGN_STYLE = Automatic;
				INFOPLIST_FILE = UltimateKanban/Info.plist;
				LD_RUNPATH_SEARCH_PATHS = (
					"$(inherited)",
					"@executable_path/Frameworks",
				);
				PRODUCT_BUNDLE_IDENTIFIER = com.mcgoldricksolutions.UltimateKanban;
				PRODUCT_NAME = "$(TARGET_NAME)";
				SWIFT_VERSION = 5.0;
				TARGETED_DEVICE_FAMILY = "1,2";
			};
			name = Release;
		};
		5E86E0D5238D9D760031DBF3 /* Debug */ = {
			isa = XCBuildConfiguration;
			buildSettings = {
				ALWAYS_EMBED_SWIFT_STANDARD_LIBRARIES = YES;
				BUNDLE_LOADER = "$(TEST_HOST)";
				CODE_SIGN_STYLE = Automatic;
				INFOPLIST_FILE = UltimateKanbanTests/Info.plist;
				IPHONEOS_DEPLOYMENT_TARGET = 13.2;
				LD_RUNPATH_SEARCH_PATHS = (
					"$(inherited)",
					"@executable_path/Frameworks",
					"@loader_path/Frameworks",
				);
				PRODUCT_BUNDLE_IDENTIFIER = com.mcgoldricksolutions.UltimateKanbanTests;
				PRODUCT_NAME = "$(TARGET_NAME)";
				SWIFT_VERSION = 5.0;
				TARGETED_DEVICE_FAMILY = "1,2";
				TEST_HOST = "$(BUILT_PRODUCTS_DIR)/UltimateKanban.app/UltimateKanban";
			};
			name = Debug;
		};
		5E86E0D6238D9D760031DBF3 /* Release */ = {
			isa = XCBuildConfiguration;
			buildSettings = {
				ALWAYS_EMBED_SWIFT_STANDARD_LIBRARIES = YES;
				BUNDLE_LOADER = "$(TEST_HOST)";
				CODE_SIGN_STYLE = Automatic;
				INFOPLIST_FILE = UltimateKanbanTests/Info.plist;
				IPHONEOS_DEPLOYMENT_TARGET = 13.2;
				LD_RUNPATH_SEARCH_PATHS = (
					"$(inherited)",
					"@executable_path/Frameworks",
					"@loader_path/Frameworks",
				);
				PRODUCT_BUNDLE_IDENTIFIER = com.mcgoldricksolutions.UltimateKanbanTests;
				PRODUCT_NAME = "$(TARGET_NAME)";
				SWIFT_VERSION = 5.0;
				TARGETED_DEVICE_FAMILY = "1,2";
				TEST_HOST = "$(BUILT_PRODUCTS_DIR)/UltimateKanban.app/UltimateKanban";
			};
			name = Release;
		};
		5E86E0D8238D9D760031DBF3 /* Debug */ = {
			isa = XCBuildConfiguration;
			buildSettings = {
				ALWAYS_EMBED_SWIFT_STANDARD_LIBRARIES = YES;
				CODE_SIGN_STYLE = Automatic;
				INFOPLIST_FILE = UltimateKanbanUITests/Info.plist;
				LD_RUNPATH_SEARCH_PATHS = (
					"$(inherited)",
					"@executable_path/Frameworks",
					"@loader_path/Frameworks",
				);
				PRODUCT_BUNDLE_IDENTIFIER = com.mcgoldricksolutions.UltimateKanbanUITests;
				PRODUCT_NAME = "$(TARGET_NAME)";
				SWIFT_VERSION = 5.0;
				TARGETED_DEVICE_FAMILY = "1,2";
				TEST_TARGET_NAME = UltimateKanban;
			};
			name = Debug;
		};
		5E86E0D9238D9D760031DBF3 /* Release */ = {
			isa = XCBuildConfiguration;
			buildSettings = {
				ALWAYS_EMBED_SWIFT_STANDARD_LIBRARIES = YES;
				CODE_SIGN_STYLE = Automatic;
				INFOPLIST_FILE = UltimateKanbanUITests/Info.plist;
				LD_RUNPATH_SEARCH_PATHS = (
					"$(inherited)",
					"@executable_path/Frameworks",
					"@loader_path/Frameworks",
				);
				PRODUCT_BUNDLE_IDENTIFIER = com.mcgoldricksolutions.UltimateKanbanUITests;
				PRODUCT_NAME = "$(TARGET_NAME)";
				SWIFT_VERSION = 5.0;
				TARGETED_DEVICE_FAMILY = "1,2";
				TEST_TARGET_NAME = UltimateKanban;
			};
			name = Release;
		};
/* End XCBuildConfiguration section */

/* Begin XCConfigurationList section */
		5E86E09F238D9D730031DBF3 /* Build configuration list for PBXProject "UltimateKanban" */ = {
			isa = XCConfigurationList;
			buildConfigurations = (
				5E86E0CF238D9D760031DBF3 /* Debug */,
				5E86E0D0238D9D760031DBF3 /* Release */,
			);
			defaultConfigurationIsVisible = 0;
			defaultConfigurationName = Release;
		};
		5E86E0D1238D9D760031DBF3 /* Build configuration list for PBXNativeTarget "UltimateKanban" */ = {
			isa = XCConfigurationList;
			buildConfigurations = (
				5E86E0D2238D9D760031DBF3 /* Debug */,
				5E86E0D3238D9D760031DBF3 /* Release */,
			);
			defaultConfigurationIsVisible = 0;
			defaultConfigurationName = Release;
		};
		5E86E0D4238D9D760031DBF3 /* Build configuration list for PBXNativeTarget "UltimateKanbanTests" */ = {
			isa = XCConfigurationList;
			buildConfigurations = (
				5E86E0D5238D9D760031DBF3 /* Debug */,
				5E86E0D6238D9D760031DBF3 /* Release */,
			);
			defaultConfigurationIsVisible = 0;
			defaultConfigurationName = Release;
		};
		5E86E0D7238D9D760031DBF3 /* Build configuration list for PBXNativeTarget "UltimateKanbanUITests" */ = {
			isa = XCConfigurationList;
			buildConfigurations = (
				5E86E0D8238D9D760031DBF3 /* Debug */,
				5E86E0D9238D9D760031DBF3 /* Release */,
			);
			defaultConfigurationIsVisible = 0;
			defaultConfigurationName = Release;
		};
/* End XCConfigurationList section */

/* Begin XCVersionGroup section */
		5E86E0B0238D9D730031DBF3 /* UltimateKanban.xcdatamodeld */ = {
			isa = XCVersionGroup;
			children = (
				5E86E0B1238D9D730031DBF3 /* UltimateKanban.xcdatamodel */,
			);
			currentVersion = 5E86E0B1238D9D730031DBF3 /* UltimateKanban.xcdatamodel */;
			path = UltimateKanban.xcdatamodeld;
			sourceTree = "<group>";
			versionGroupType = wrapper.xcdatamodel;
		};
/* End XCVersionGroup section */
	};
	rootObject = 5E86E09C238D9D730031DBF3 /* Project object */;
}
